---
label: Content Block
hide_body: false
fields:
- name: layout
  type: text
  config:
    required: false
  label: layout
  hidden: true
  default: blocks
- name: page_sidebars
  type: blocks
  template_types:
  - sidebar-tags
  config:
    min: 
    max: 
  label: 'Sidebars '
pages:
- privacy-policy.md
- terms-and-conditions.md
