---
label: Content Block
hide_body: false
fields:
- name: layout
  type: text
  config:
    required: false
  label: layout
  hidden: true
  default: block
- name: page_sections
  type: blocks
  label: Page Sections
  template_types:
  - content-block-full
  - page-hero
  - newsletter
  config:
    min: 
    max: 
pages:
- terms-and-conditions.md
